
Microsoft Visual Studio Solution File, Format Version 12.00
Project("{FAE04EC0-301F-11D3-BF4B-00C04F79EFBC}") = "ScrumPoker.Web", "ScrumPoker.Web\ScrumPoker.Web.csproj", "{B956A0B4-C13C-4C51-862B-69D77D4F1698}"
EndProject
Project("{FAE04EC0-301F-11D3-BF4B-00C04F79EFBC}") = "ScrumPoker.DataAccess", "ScrumPoker.DataAccess\ScrumPoker.DataAccess.csproj", "{F443F280-990A-4180-A3F6-47E37FC69176}"
EndProject
Project("{FAE04EC0-301F-11D3-BF4B-00C04F79EFBC}") = "ScrumPoker.Business", "ScrumPoker.Business\ScrumPoker.Business.csproj", "{7FDD05FE-447A-4204-AA99-6F0DB69CD6ED}"
EndProject
Project("{FAE04EC0-301F-11D3-BF4B-00C04F79EFBC}") = "ScrumPoker.DataAccess.Interfaces", "ScrumPoker.DataAccess.Interfaces\ScrumPoker.DataAccess.Interfaces.csproj", "{DE9852E3-ABCD-4ADF-82D2-00D15CC83245}"
EndProject
Project("{FAE04EC0-301F-11D3-BF4B-00C04F79EFBC}") = "ScrumPoker.Web.Models", "ScrumPoker.Web.Models\ScrumPoker.Web.Models.csproj", "{5C3BFF6D-4333-424A-A3C4-8BD680B1FFDC}"
EndProject
Project("{FAE04EC0-301F-11D3-BF4B-00C04F79EFBC}") = "ScrumPoker.Business.Models", "ScrumPoker.Business.Models\ScrumPoker.Business.Models.csproj", "{2A6073F4-9FFA-4CBB-B767-0DDA41B49548}"
EndProject
Project("{FAE04EC0-301F-11D3-BF4B-00C04F79EFBC}") = "ScrumPoker.Business.Interfaces", "ScrumPoker.Business.Interfaces\ScrumPoker.Business.Interfaces.csproj", "{0EC82369-FF87-44D2-8040-46C895B5BE8E}"
EndProject
Project("{FAE04EC0-301F-11D3-BF4B-00C04F79EFBC}") = "ScrumPoker.DataAccess.Models", "ScrumPoker.DataAccess.Models\ScrumPoker.DataAccess.Models.csproj", "{E73482B1-27D0-4D3B-BDB4-8AF050AB5AF3}"
EndProject
Project("{FAE04EC0-301F-11D3-BF4B-00C04F79EFBC}") = "ScrumPoker.Infrastructure", "ScrumPoker.Infrastructure\ScrumPoker.Infrastructure.csproj", "{413C117C-6F3F-494A-B801-50A9C88518D8}"
EndProject
Project("{FAE04EC0-301F-11D3-BF4B-00C04F79EFBC}") = "ScrumPoker.Common", "ScrumPoker.Common\ScrumPoker.Common.csproj", "{650D3C9C-B78D-4DAA-83F0-C924E165D5EE}"
EndProject
Global
	GlobalSection(SolutionConfigurationPlatforms) = preSolution
		Debug|Any CPU = Debug|Any CPU
		Release|Any CPU = Release|Any CPU
	EndGlobalSection
	GlobalSection(ProjectConfigurationPlatforms) = postSolution
		{B956A0B4-C13C-4C51-862B-69D77D4F1698}.Debug|Any CPU.ActiveCfg = Debug|Any CPU
		{B956A0B4-C13C-4C51-862B-69D77D4F1698}.Debug|Any CPU.Build.0 = Debug|Any CPU
		{B956A0B4-C13C-4C51-862B-69D77D4F1698}.Release|Any CPU.ActiveCfg = Release|Any CPU
		{B956A0B4-C13C-4C51-862B-69D77D4F1698}.Release|Any CPU.Build.0 = Release|Any CPU
		{F443F280-990A-4180-A3F6-47E37FC69176}.Debug|Any CPU.ActiveCfg = Debug|Any CPU
		{F443F280-990A-4180-A3F6-47E37FC69176}.Debug|Any CPU.Build.0 = Debug|Any CPU
		{F443F280-990A-4180-A3F6-47E37FC69176}.Release|Any CPU.ActiveCfg = Release|Any CPU
		{F443F280-990A-4180-A3F6-47E37FC69176}.Release|Any CPU.Build.0 = Release|Any CPU
		{7FDD05FE-447A-4204-AA99-6F0DB69CD6ED}.Debug|Any CPU.ActiveCfg = Debug|Any CPU
		{7FDD05FE-447A-4204-AA99-6F0DB69CD6ED}.Debug|Any CPU.Build.0 = Debug|Any CPU
		{7FDD05FE-447A-4204-AA99-6F0DB69CD6ED}.Release|Any CPU.ActiveCfg = Release|Any CPU
		{7FDD05FE-447A-4204-AA99-6F0DB69CD6ED}.Release|Any CPU.Build.0 = Release|Any CPU
		{DE9852E3-ABCD-4ADF-82D2-00D15CC83245}.Debug|Any CPU.ActiveCfg = Debug|Any CPU
		{DE9852E3-ABCD-4ADF-82D2-00D15CC83245}.Debug|Any CPU.Build.0 = Debug|Any CPU
		{DE9852E3-ABCD-4ADF-82D2-00D15CC83245}.Release|Any CPU.ActiveCfg = Release|Any CPU
		{DE9852E3-ABCD-4ADF-82D2-00D15CC83245}.Release|Any CPU.Build.0 = Release|Any CPU
		{5C3BFF6D-4333-424A-A3C4-8BD680B1FFDC}.Debug|Any CPU.ActiveCfg = Debug|Any CPU
		{5C3BFF6D-4333-424A-A3C4-8BD680B1FFDC}.Debug|Any CPU.Build.0 = Debug|Any CPU
		{5C3BFF6D-4333-424A-A3C4-8BD680B1FFDC}.Release|Any CPU.ActiveCfg = Release|Any CPU
		{5C3BFF6D-4333-424A-A3C4-8BD680B1FFDC}.Release|Any CPU.Build.0 = Release|Any CPU
		{2A6073F4-9FFA-4CBB-B767-0DDA41B49548}.Debug|Any CPU.ActiveCfg = Debug|Any CPU
		{2A6073F4-9FFA-4CBB-B767-0DDA41B49548}.Debug|Any CPU.Build.0 = Debug|Any CPU
		{2A6073F4-9FFA-4CBB-B767-0DDA41B49548}.Release|Any CPU.ActiveCfg = Release|Any CPU
		{2A6073F4-9FFA-4CBB-B767-0DDA41B49548}.Release|Any CPU.Build.0 = Release|Any CPU
		{0EC82369-FF87-44D2-8040-46C895B5BE8E}.Debug|Any CPU.ActiveCfg = Debug|Any CPU
		{0EC82369-FF87-44D2-8040-46C895B5BE8E}.Debug|Any CPU.Build.0 = Debug|Any CPU
		{0EC82369-FF87-44D2-8040-46C895B5BE8E}.Release|Any CPU.ActiveCfg = Release|Any CPU
		{0EC82369-FF87-44D2-8040-46C895B5BE8E}.Release|Any CPU.Build.0 = Release|Any CPU
		{E73482B1-27D0-4D3B-BDB4-8AF050AB5AF3}.Debug|Any CPU.ActiveCfg = Debug|Any CPU
		{E73482B1-27D0-4D3B-BDB4-8AF050AB5AF3}.Debug|Any CPU.Build.0 = Debug|Any CPU
		{E73482B1-27D0-4D3B-BDB4-8AF050AB5AF3}.Release|Any CPU.ActiveCfg = Release|Any CPU
		{E73482B1-27D0-4D3B-BDB4-8AF050AB5AF3}.Release|Any CPU.Build.0 = Release|Any CPU
		{413C117C-6F3F-494A-B801-50A9C88518D8}.Debug|Any CPU.ActiveCfg = Debug|Any CPU
		{413C117C-6F3F-494A-B801-50A9C88518D8}.Debug|Any CPU.Build.0 = Debug|Any CPU
		{413C117C-6F3F-494A-B801-50A9C88518D8}.Release|Any CPU.ActiveCfg = Release|Any CPU
		{413C117C-6F3F-494A-B801-50A9C88518D8}.Release|Any CPU.Build.0 = Release|Any CPU
		{650D3C9C-B78D-4DAA-83F0-C924E165D5EE}.Debug|Any CPU.ActiveCfg = Debug|Any CPU
		{650D3C9C-B78D-4DAA-83F0-C924E165D5EE}.Debug|Any CPU.Build.0 = Debug|Any CPU
		{650D3C9C-B78D-4DAA-83F0-C924E165D5EE}.Release|Any CPU.ActiveCfg = Release|Any CPU
		{650D3C9C-B78D-4DAA-83F0-C924E165D5EE}.Release|Any CPU.Build.0 = Release|Any CPU
	EndGlobalSection
EndGlobal
